
Microsoft Visual Studio Solution File, Format Version 12.00
# Visual Studio Version 16
VisualStudioVersion = 16.0.29503.13
MinimumVisualStudioVersion = 10.0.40219.1
Project("{FAE04EC0-301F-11D3-BF4B-00C04F79EFBC}") = "AoCCore", "AoCCore\AoCCore.csproj", "{1E8AF61D-6C7F-46BA-9417-8277EDEA2710}"
EndProject
Project("{FAE04EC0-301F-11D3-BF4B-00C04F79EFBC}") = "Challenges", "Challenges\Challenges.csproj", "{1F1B2E43-5A1D-498A-B0A9-E1CF4D968781}"
EndProject
Project("{FAE04EC0-301F-11D3-BF4B-00C04F79EFBC}") = "AoCRunner", "AoCRunner\AoCRunner.csproj", "{47EE8C54-5383-430D-B5B1-E6A8AF239063}"
EndProject
Global
	GlobalSection(SolutionConfigurationPlatforms) = preSolution
		Debug|Any CPU = Debug|Any CPU
		Release|Any CPU = Release|Any CPU
	EndGlobalSection
	GlobalSection(ProjectConfigurationPlatforms) = postSolution
		{1E8AF61D-6C7F-46BA-9417-8277EDEA2710}.Debug|Any CPU.ActiveCfg = Debug|Any CPU
		{1E8AF61D-6C7F-46BA-9417-8277EDEA2710}.Debug|Any CPU.Build.0 = Debug|Any CPU
		{1E8AF61D-6C7F-46BA-9417-8277EDEA2710}.Release|Any CPU.ActiveCfg = Release|Any CPU
		{1E8AF61D-6C7F-46BA-9417-8277EDEA2710}.Release|Any CPU.Build.0 = Release|Any CPU
		{1F1B2E43-5A1D-498A-B0A9-E1CF4D968781}.Debug|Any CPU.ActiveCfg = Debug|Any CPU
		{1F1B2E43-5A1D-498A-B0A9-E1CF4D968781}.Debug|Any CPU.Build.0 = Debug|Any CPU
		{1F1B2E43-5A1D-498A-B0A9-E1CF4D968781}.Release|Any CPU.ActiveCfg = Release|Any CPU
		{1F1B2E43-5A1D-498A-B0A9-E1CF4D968781}.Release|Any CPU.Build.0 = Release|Any CPU
		{47EE8C54-5383-430D-B5B1-E6A8AF239063}.Debug|Any CPU.ActiveCfg = Debug|Any CPU
		{47EE8C54-5383-430D-B5B1-E6A8AF239063}.Debug|Any CPU.Build.0 = Debug|Any CPU
		{47EE8C54-5383-430D-B5B1-E6A8AF239063}.Release|Any CPU.ActiveCfg = Release|Any CPU
		{47EE8C54-5383-430D-B5B1-E6A8AF239063}.Release|Any CPU.Build.0 = Release|Any CPU
	EndGlobalSection
	GlobalSection(SolutionProperties) = preSolution
		HideSolutionNode = FALSE
	EndGlobalSection
	GlobalSection(ExtensibilityGlobals) = postSolution
		SolutionGuid = {D023FFA5-CC9C-4600-90CC-1AE13EF7F38C}
	EndGlobalSection
EndGlobal
